
Microsoft Visual Studio Solution File, Format Version 12.00
# Visual Studio Version 17
VisualStudioVersion = 17.5.002.0
MinimumVisualStudioVersion = 10.0.40219.1
Project("{9A19103F-16F7-4668-BE54-9A1E7A4F7556}") = "Array-Class", "Array-Class\Array-Class.csproj", "{D09918BE-B066-46C4-9E22-8D4823ABF1FF}"
EndProject
Global
	GlobalSection(SolutionConfigurationPlatforms) = preSolution
		Debug|Any CPU = Debug|Any CPU
		Release|Any CPU = Release|Any CPU
	EndGlobalSection
	GlobalSection(ProjectConfigurationPlatforms) = postSolution
		{D09918BE-B066-46C4-9E22-8D4823ABF1FF}.Debug|Any CPU.ActiveCfg = Debug|Any CPU
		{D09918BE-B066-46C4-9E22-8D4823ABF1FF}.Debug|Any CPU.Build.0 = Debug|Any CPU
		{D09918BE-B066-46C4-9E22-8D4823ABF1FF}.Release|Any CPU.ActiveCfg = Release|Any CPU
		{D09918BE-B066-46C4-9E22-8D4823ABF1FF}.Release|Any CPU.Build.0 = Release|Any CPU
	EndGlobalSection
	GlobalSection(SolutionProperties) = preSolution
		HideSolutionNode = FALSE
	EndGlobalSection
	GlobalSection(ExtensibilityGlobals) = postSolution
		SolutionGuid = {1606F7EA-D733-4F2E-9BE9-71ADB0CE162E}
	EndGlobalSection
EndGlobal
